
Microsoft Visual Studio Solution File, Format Version 12.00
# Visual Studio Version 17
VisualStudioVersion = 17.0.32112.339
MinimumVisualStudioVersion = 10.0.40219.1
Project("{9A19103F-16F7-4668-BE54-9A1E7A4F7556}") = "NASAGateway", "NASAGateway\NASAGateway.csproj", "{33242856-5095-41C6-B39A-A65E1BF333FC}"
EndProject
Project("{9A19103F-16F7-4668-BE54-9A1E7A4F7556}") = "NASAGatewayTest", "NASAGatewayTest\NASAGatewayTest.csproj", "{AF27EE2E-51E7-4AFB-B6CF-1391A237D962}"
EndProject
Global
	GlobalSection(SolutionConfigurationPlatforms) = preSolution
		Debug|Any CPU = Debug|Any CPU
		Release|Any CPU = Release|Any CPU
	EndGlobalSection
	GlobalSection(ProjectConfigurationPlatforms) = postSolution
		{33242856-5095-41C6-B39A-A65E1BF333FC}.Debug|Any CPU.ActiveCfg = Debug|Any CPU
		{33242856-5095-41C6-B39A-A65E1BF333FC}.Debug|Any CPU.Build.0 = Debug|Any CPU
		{33242856-5095-41C6-B39A-A65E1BF333FC}.Release|Any CPU.ActiveCfg = Release|Any CPU
		{33242856-5095-41C6-B39A-A65E1BF333FC}.Release|Any CPU.Build.0 = Release|Any CPU
		{AF27EE2E-51E7-4AFB-B6CF-1391A237D962}.Debug|Any CPU.ActiveCfg = Debug|Any CPU
		{AF27EE2E-51E7-4AFB-B6CF-1391A237D962}.Debug|Any CPU.Build.0 = Debug|Any CPU
		{AF27EE2E-51E7-4AFB-B6CF-1391A237D962}.Release|Any CPU.ActiveCfg = Release|Any CPU
		{AF27EE2E-51E7-4AFB-B6CF-1391A237D962}.Release|Any CPU.Build.0 = Release|Any CPU
	EndGlobalSection
	GlobalSection(SolutionProperties) = preSolution
		HideSolutionNode = FALSE
	EndGlobalSection
	GlobalSection(ExtensibilityGlobals) = postSolution
		SolutionGuid = {057B7A84-923D-4E20-A7CE-7025AB744762}
	EndGlobalSection
EndGlobal
